// !$*UTF8*$!
{
	archiveVersion = 1;
	classes = {
	};
	objectVersion = 46;
	objects = {

/* Begin PBXBuildFile section */
		EB1DD89A1B64DB5500979A5B /* RegistrationController.swift in Sources */ = {isa = PBXBuildFile; fileRef = EB1DD8991B64DB5500979A5B /* RegistrationController.swift */; };
		EB1DD89C1B64E74E00979A5B /* DefaultViewController.swift in Sources */ = {isa = PBXBuildFile; fileRef = EB1DD89B1B64E74E00979A5B /* DefaultViewController.swift */; };
		EB1DD89F1B64E9EF00979A5B /* UserRegistrationCell.swift in Sources */ = {isa = PBXBuildFile; fileRef = EB1DD89E1B64E9EF00979A5B /* UserRegistrationCell.swift */; };
		EB1DD8A21B65175200979A5B /* CustomTextField.swift in Sources */ = {isa = PBXBuildFile; fileRef = EB1DD8A11B65175200979A5B /* CustomTextField.swift */; };
		EB1DD8A51B6519E600979A5B /* UIElementCreationUtil.swift in Sources */ = {isa = PBXBuildFile; fileRef = EB1DD8A41B6519E600979A5B /* UIElementCreationUtil.swift */; };
		EB43199F1B62C94E00E3E5B3 /* ImageRequestProcessor.swift in Sources */ = {isa = PBXBuildFile; fileRef = EB43199E1B62C94E00E3E5B3 /* ImageRequestProcessor.swift */; };
		EB4319A31B62DA2E00E3E5B3 /* test.jpg in Resources */ = {isa = PBXBuildFile; fileRef = EB4319A21B62DA2E00E3E5B3 /* test.jpg */; };
		EB4A2C201B63AF970076205E /* DownloadImageResponseProcessor.swift in Sources */ = {isa = PBXBuildFile; fileRef = EB4A2C1F1B63AF970076205E /* DownloadImageResponseProcessor.swift */; };
		EB4A2C221B63B21B0076205E /* NoRequestProcessor.swift in Sources */ = {isa = PBXBuildFile; fileRef = EB4A2C211B63B21B0076205E /* NoRequestProcessor.swift */; };
		EB50075E1B60380800DB482B /* UserResponseProcessor.swift in Sources */ = {isa = PBXBuildFile; fileRef = EB50075D1B60380800DB482B /* UserResponseProcessor.swift */; };
		EB8DB9371B62F90B008C4031 /* ImageEndpointBridge.swift in Sources */ = {isa = PBXBuildFile; fileRef = EB8DB9361B62F90B008C4031 /* ImageEndpointBridge.swift */; };
		EB8DB9391B62FBAD008C4031 /* UserRegistrationBridge.swift in Sources */ = {isa = PBXBuildFile; fileRef = EB8DB9381B62FBAD008C4031 /* UserRegistrationBridge.swift */; };
		EB8DB93B1B62FBB7008C4031 /* UserUpdateBridge.swift in Sources */ = {isa = PBXBuildFile; fileRef = EB8DB93A1B62FBB7008C4031 /* UserUpdateBridge.swift */; };
		EB8DB93D1B62FBD3008C4031 /* UserLoginBridge.swift in Sources */ = {isa = PBXBuildFile; fileRef = EB8DB93C1B62FBD3008C4031 /* UserLoginBridge.swift */; };
		EB8DB93F1B62FBF9008C4031 /* RateUserBridge.swift in Sources */ = {isa = PBXBuildFile; fileRef = EB8DB93E1B62FBF9008C4031 /* RateUserBridge.swift */; };
		EB8DB9411B62FC0C008C4031 /* GetRandomUserBridge.swift in Sources */ = {isa = PBXBuildFile; fileRef = EB8DB9401B62FC0C008C4031 /* GetRandomUserBridge.swift */; };
		EB8DB9431B62FC50008C4031 /* ImageUploadBridge.swift in Sources */ = {isa = PBXBuildFile; fileRef = EB8DB9421B62FC50008C4031 /* ImageUploadBridge.swift */; };
		EB8DB9451B62FC7D008C4031 /* ImageDownloadBridge.swift in Sources */ = {isa = PBXBuildFile; fileRef = EB8DB9441B62FC7D008C4031 /* ImageDownloadBridge.swift */; };
		EBA3A7C01B5D7280005B865C /* AppDelegate.swift in Sources */ = {isa = PBXBuildFile; fileRef = EBA3A7BF1B5D7280005B865C /* AppDelegate.swift */; };
		EBA3A7C21B5D7280005B865C /* ViewController.swift in Sources */ = {isa = PBXBuildFile; fileRef = EBA3A7C11B5D7280005B865C /* ViewController.swift */; };
		EBA3A7C51B5D7280005B865C /* Main.storyboard in Resources */ = {isa = PBXBuildFile; fileRef = EBA3A7C31B5D7280005B865C /* Main.storyboard */; };
		EBA3A7C71B5D7280005B865C /* Images.xcassets in Resources */ = {isa = PBXBuildFile; fileRef = EBA3A7C61B5D7280005B865C /* Images.xcassets */; };
		EBA3A7CA1B5D7280005B865C /* LaunchScreen.xib in Resources */ = {isa = PBXBuildFile; fileRef = EBA3A7C81B5D7280005B865C /* LaunchScreen.xib */; };
		EBA3A7D61B5D7280005B865C /* Rate_MeTests.swift in Sources */ = {isa = PBXBuildFile; fileRef = EBA3A7D51B5D7280005B865C /* Rate_MeTests.swift */; };
		EBA3A7E11B5D7321005B865C /* ConnectionManager.swift in Sources */ = {isa = PBXBuildFile; fileRef = EBA3A7E01B5D7321005B865C /* ConnectionManager.swift */; };
		EBA3A7E51B5D93DB005B865C /* RequestData.swift in Sources */ = {isa = PBXBuildFile; fileRef = EBA3A7E41B5D93DB005B865C /* RequestData.swift */; };
		EBA3A7EA1B5D952E005B865C /* ResponseData.swift in Sources */ = {isa = PBXBuildFile; fileRef = EBA3A7E91B5D952E005B865C /* ResponseData.swift */; };
		EBB15E701B5EA3C60083D71C /* User.swift in Sources */ = {isa = PBXBuildFile; fileRef = EBB15E6F1B5EA3C60083D71C /* User.swift */; };
		EBB15E741B5EA93C0083D71C /* ResponseProcessor.swift in Sources */ = {isa = PBXBuildFile; fileRef = EBB15E731B5EA93C0083D71C /* ResponseProcessor.swift */; };
		EBB15E761B5EAC780083D71C /* IRequestProcessor.swift in Sources */ = {isa = PBXBuildFile; fileRef = EBB15E751B5EAC780083D71C /* IRequestProcessor.swift */; };
		EBB15E781B5EAE220083D71C /* Image.swift in Sources */ = {isa = PBXBuildFile; fileRef = EBB15E771B5EAE220083D71C /* Image.swift */; };
		EBB15E7A1B5EB1170083D71C /* Processable.swift in Sources */ = {isa = PBXBuildFile; fileRef = EBB15E791B5EB1170083D71C /* Processable.swift */; };
		EBB15E7D1B5EB5B20083D71C /* URIBuilder.swift in Sources */ = {isa = PBXBuildFile; fileRef = EBB15E7C1B5EB5B20083D71C /* URIBuilder.swift */; };
		EBB15E801B5EB7680083D71C /* UserRequestProcessor.swift in Sources */ = {isa = PBXBuildFile; fileRef = EBB15E7F1B5EB7680083D71C /* UserRequestProcessor.swift */; };
		EBC404791B66B88F0015B175 /* SubmitCell.swift in Sources */ = {isa = PBXBuildFile; fileRef = EBC404781B66B88F0015B175 /* SubmitCell.swift */; };
		EBFB323D1B67CA5300B87811 /* button_basic.png in Resources */ = {isa = PBXBuildFile; fileRef = EBFB323B1B67CA5300B87811 /* button_basic.png */; };
		EBFB323E1B67CA5300B87811 /* button_pressed.png in Resources */ = {isa = PBXBuildFile; fileRef = EBFB323C1B67CA5300B87811 /* button_pressed.png */; };
		EBFB32401B67CC4700B87811 /* UIColorExtension.swift in Sources */ = {isa = PBXBuildFile; fileRef = EBFB323F1B67CC4700B87811 /* UIColorExtension.swift */; };
		EBFB32421B67CCD100B87811 /* GradientColor.swift in Sources */ = {isa = PBXBuildFile; fileRef = EBFB32411B67CCD100B87811 /* GradientColor.swift */; };
		EBFB32441B67D00200B87811 /* HeaderCell.swift in Sources */ = {isa = PBXBuildFile; fileRef = EBFB32431B67D00200B87811 /* HeaderCell.swift */; };
/* End PBXBuildFile section */

/* Begin PBXContainerItemProxy section */
		EBA3A7D01B5D7280005B865C /* PBXContainerItemProxy */ = {
			isa = PBXContainerItemProxy;
			containerPortal = EBA3A7B21B5D7280005B865C /* Project object */;
			proxyType = 1;
			remoteGlobalIDString = EBA3A7B91B5D7280005B865C;
			remoteInfo = "Rate Me";
		};
/* End PBXContainerItemProxy section */

/* Begin PBXFileReference section */
		EB1DD8991B64DB5500979A5B /* RegistrationController.swift */ = {isa = PBXFileReference; fileEncoding = 4; lastKnownFileType = sourcecode.swift; path = RegistrationController.swift; sourceTree = "<group>"; };
		EB1DD89B1B64E74E00979A5B /* DefaultViewController.swift */ = {isa = PBXFileReference; fileEncoding = 4; lastKnownFileType = sourcecode.swift; path = DefaultViewController.swift; sourceTree = "<group>"; };
		EB1DD89E1B64E9EF00979A5B /* UserRegistrationCell.swift */ = {isa = PBXFileReference; fileEncoding = 4; lastKnownFileType = sourcecode.swift; path = UserRegistrationCell.swift; sourceTree = "<group>"; };
		EB1DD8A11B65175200979A5B /* CustomTextField.swift */ = {isa = PBXFileReference; fileEncoding = 4; lastKnownFileType = sourcecode.swift; path = CustomTextField.swift; sourceTree = "<group>"; };
		EB1DD8A41B6519E600979A5B /* UIElementCreationUtil.swift */ = {isa = PBXFileReference; fileEncoding = 4; lastKnownFileType = sourcecode.swift; path = UIElementCreationUtil.swift; sourceTree = "<group>"; };
		EB43199E1B62C94E00E3E5B3 /* ImageRequestProcessor.swift */ = {isa = PBXFileReference; fileEncoding = 4; lastKnownFileType = sourcecode.swift; path = ImageRequestProcessor.swift; sourceTree = "<group>"; };
		EB4319A21B62DA2E00E3E5B3 /* test.jpg */ = {isa = PBXFileReference; lastKnownFileType = image.jpeg; path = test.jpg; sourceTree = "<group>"; };
		EB4A2C1F1B63AF970076205E /* DownloadImageResponseProcessor.swift */ = {isa = PBXFileReference; fileEncoding = 4; lastKnownFileType = sourcecode.swift; path = DownloadImageResponseProcessor.swift; sourceTree = "<group>"; };
		EB4A2C211B63B21B0076205E /* NoRequestProcessor.swift */ = {isa = PBXFileReference; fileEncoding = 4; lastKnownFileType = sourcecode.swift; path = NoRequestProcessor.swift; sourceTree = "<group>"; };
		EB50075D1B60380800DB482B /* UserResponseProcessor.swift */ = {isa = PBXFileReference; fileEncoding = 4; lastKnownFileType = sourcecode.swift; path = UserResponseProcessor.swift; sourceTree = "<group>"; };
		EB8DB9361B62F90B008C4031 /* ImageEndpointBridge.swift */ = {isa = PBXFileReference; fileEncoding = 4; lastKnownFileType = sourcecode.swift; path = ImageEndpointBridge.swift; sourceTree = "<group>"; };
		EB8DB9381B62FBAD008C4031 /* UserRegistrationBridge.swift */ = {isa = PBXFileReference; fileEncoding = 4; lastKnownFileType = sourcecode.swift; path = UserRegistrationBridge.swift; sourceTree = "<group>"; };
		EB8DB93A1B62FBB7008C4031 /* UserUpdateBridge.swift */ = {isa = PBXFileReference; fileEncoding = 4; lastKnownFileType = sourcecode.swift; path = UserUpdateBridge.swift; sourceTree = "<group>"; };
		EB8DB93C1B62FBD3008C4031 /* UserLoginBridge.swift */ = {isa = PBXFileReference; fileEncoding = 4; lastKnownFileType = sourcecode.swift; path = UserLoginBridge.swift; sourceTree = "<group>"; };
		EB8DB93E1B62FBF9008C4031 /* RateUserBridge.swift */ = {isa = PBXFileReference; fileEncoding = 4; lastKnownFileType = sourcecode.swift; path = RateUserBridge.swift; sourceTree = "<group>"; };
		EB8DB9401B62FC0C008C4031 /* GetRandomUserBridge.swift */ = {isa = PBXFileReference; fileEncoding = 4; lastKnownFileType = sourcecode.swift; path = GetRandomUserBridge.swift; sourceTree = "<group>"; };
		EB8DB9421B62FC50008C4031 /* ImageUploadBridge.swift */ = {isa = PBXFileReference; fileEncoding = 4; lastKnownFileType = sourcecode.swift; path = ImageUploadBridge.swift; sourceTree = "<group>"; };
		EB8DB9441B62FC7D008C4031 /* ImageDownloadBridge.swift */ = {isa = PBXFileReference; fileEncoding = 4; lastKnownFileType = sourcecode.swift; path = ImageDownloadBridge.swift; sourceTree = "<group>"; };
		EBA3A7BA1B5D7280005B865C /* Rate Me.app */ = {isa = PBXFileReference; explicitFileType = wrapper.application; includeInIndex = 0; path = "Rate Me.app"; sourceTree = BUILT_PRODUCTS_DIR; };
		EBA3A7BE1B5D7280005B865C /* Info.plist */ = {isa = PBXFileReference; lastKnownFileType = text.plist.xml; path = Info.plist; sourceTree = "<group>"; };
		EBA3A7BF1B5D7280005B865C /* AppDelegate.swift */ = {isa = PBXFileReference; lastKnownFileType = sourcecode.swift; path = AppDelegate.swift; sourceTree = "<group>"; };
		EBA3A7C11B5D7280005B865C /* ViewController.swift */ = {isa = PBXFileReference; lastKnownFileType = sourcecode.swift; path = ViewController.swift; sourceTree = "<group>"; };
		EBA3A7C41B5D7280005B865C /* Base */ = {isa = PBXFileReference; lastKnownFileType = file.storyboard; name = Base; path = Base.lproj/Main.storyboard; sourceTree = "<group>"; };
		EBA3A7C61B5D7280005B865C /* Images.xcassets */ = {isa = PBXFileReference; lastKnownFileType = folder.assetcatalog; path = Images.xcassets; sourceTree = "<group>"; };
		EBA3A7C91B5D7280005B865C /* Base */ = {isa = PBXFileReference; lastKnownFileType = file.xib; name = Base; path = Base.lproj/LaunchScreen.xib; sourceTree = "<group>"; };
		EBA3A7CF1B5D7280005B865C /* Rate MeTests.xctest */ = {isa = PBXFileReference; explicitFileType = wrapper.cfbundle; includeInIndex = 0; path = "Rate MeTests.xctest"; sourceTree = BUILT_PRODUCTS_DIR; };
		EBA3A7D41B5D7280005B865C /* Info.plist */ = {isa = PBXFileReference; lastKnownFileType = text.plist.xml; path = Info.plist; sourceTree = "<group>"; };
		EBA3A7D51B5D7280005B865C /* Rate_MeTests.swift */ = {isa = PBXFileReference; lastKnownFileType = sourcecode.swift; path = Rate_MeTests.swift; sourceTree = "<group>"; };
		EBA3A7E01B5D7321005B865C /* ConnectionManager.swift */ = {isa = PBXFileReference; fileEncoding = 4; lastKnownFileType = sourcecode.swift; path = ConnectionManager.swift; sourceTree = "<group>"; };
		EBA3A7E41B5D93DB005B865C /* RequestData.swift */ = {isa = PBXFileReference; fileEncoding = 4; lastKnownFileType = sourcecode.swift; path = RequestData.swift; sourceTree = "<group>"; };
		EBA3A7E91B5D952E005B865C /* ResponseData.swift */ = {isa = PBXFileReference; fileEncoding = 4; lastKnownFileType = sourcecode.swift; path = ResponseData.swift; sourceTree = "<group>"; };
		EBB15E6F1B5EA3C60083D71C /* User.swift */ = {isa = PBXFileReference; fileEncoding = 4; lastKnownFileType = sourcecode.swift; path = User.swift; sourceTree = "<group>"; };
		EBB15E731B5EA93C0083D71C /* ResponseProcessor.swift */ = {isa = PBXFileReference; fileEncoding = 4; lastKnownFileType = sourcecode.swift; path = ResponseProcessor.swift; sourceTree = "<group>"; };
		EBB15E751B5EAC780083D71C /* IRequestProcessor.swift */ = {isa = PBXFileReference; fileEncoding = 4; lastKnownFileType = sourcecode.swift; path = IRequestProcessor.swift; sourceTree = "<group>"; };
		EBB15E771B5EAE220083D71C /* Image.swift */ = {isa = PBXFileReference; fileEncoding = 4; lastKnownFileType = sourcecode.swift; path = Image.swift; sourceTree = "<group>"; };
		EBB15E791B5EB1170083D71C /* Processable.swift */ = {isa = PBXFileReference; fileEncoding = 4; lastKnownFileType = sourcecode.swift; path = Processable.swift; sourceTree = "<group>"; };
		EBB15E7C1B5EB5B20083D71C /* URIBuilder.swift */ = {isa = PBXFileReference; fileEncoding = 4; lastKnownFileType = sourcecode.swift; path = URIBuilder.swift; sourceTree = "<group>"; };
		EBB15E7F1B5EB7680083D71C /* UserRequestProcessor.swift */ = {isa = PBXFileReference; fileEncoding = 4; lastKnownFileType = sourcecode.swift; path = UserRequestProcessor.swift; sourceTree = "<group>"; };
		EBC404781B66B88F0015B175 /* SubmitCell.swift */ = {isa = PBXFileReference; fileEncoding = 4; lastKnownFileType = sourcecode.swift; path = SubmitCell.swift; sourceTree = "<group>"; };
		EBFB323B1B67CA5300B87811 /* button_basic.png */ = {isa = PBXFileReference; lastKnownFileType = image.png; name = button_basic.png; path = Images/button_basic.png; sourceTree = "<group>"; };
		EBFB323C1B67CA5300B87811 /* button_pressed.png */ = {isa = PBXFileReference; lastKnownFileType = image.png; name = button_pressed.png; path = Images/button_pressed.png; sourceTree = "<group>"; };
		EBFB323F1B67CC4700B87811 /* UIColorExtension.swift */ = {isa = PBXFileReference; fileEncoding = 4; lastKnownFileType = sourcecode.swift; path = UIColorExtension.swift; sourceTree = "<group>"; };
		EBFB32411B67CCD100B87811 /* GradientColor.swift */ = {isa = PBXFileReference; fileEncoding = 4; lastKnownFileType = sourcecode.swift; path = GradientColor.swift; sourceTree = "<group>"; };
		EBFB32431B67D00200B87811 /* HeaderCell.swift */ = {isa = PBXFileReference; fileEncoding = 4; lastKnownFileType = sourcecode.swift; path = HeaderCell.swift; sourceTree = "<group>"; };
/* End PBXFileReference section */

/* Begin PBXFrameworksBuildPhase section */
		EBA3A7B71B5D7280005B865C /* Frameworks */ = {
			isa = PBXFrameworksBuildPhase;
			buildActionMask = 2147483647;
			files = (
			);
			runOnlyForDeploymentPostprocessing = 0;
		};
		EBA3A7CC1B5D7280005B865C /* Frameworks */ = {
			isa = PBXFrameworksBuildPhase;
			buildActionMask = 2147483647;
			files = (
			);
			runOnlyForDeploymentPostprocessing = 0;
		};
/* End PBXFrameworksBuildPhase section */

/* Begin PBXGroup section */
		EB1DD89D1B64E90500979A5B /* Cell */ = {
			isa = PBXGroup;
			children = (
				EB1DD89E1B64E9EF00979A5B /* UserRegistrationCell.swift */,
				EBC404781B66B88F0015B175 /* SubmitCell.swift */,
				EBFB32431B67D00200B87811 /* HeaderCell.swift */,
			);
			name = Cell;
			sourceTree = "<group>";
		};
		EB1DD8A01B65174100979A5B /* Element */ = {
			isa = PBXGroup;
			children = (
				EB1DD8A11B65175200979A5B /* CustomTextField.swift */,
			);
			name = Element;
			sourceTree = "<group>";
		};
		EB1DD8A31B6519C300979A5B /* Util */ = {
			isa = PBXGroup;
			children = (
				EB1DD8A41B6519E600979A5B /* UIElementCreationUtil.swift */,
				EBFB323F1B67CC4700B87811 /* UIColorExtension.swift */,
				EBFB32411B67CCD100B87811 /* GradientColor.swift */,
			);
			name = Util;
			sourceTree = "<group>";
		};
		EB4A2C1D1B63AAF10076205E /* View */ = {
			isa = PBXGroup;
			children = (
				EB4A2C1E1B63AB790076205E /* ViewController */,
				EB8DB9351B62F8D6008C4031 /* ResponseHandler */,
			);
			name = View;
			sourceTree = "<group>";
		};
		EB4A2C1E1B63AB790076205E /* ViewController */ = {
			isa = PBXGroup;
			children = (
				EB1DD8A31B6519C300979A5B /* Util */,
				EB1DD8A01B65174100979A5B /* Element */,
				EB1DD89D1B64E90500979A5B /* Cell */,
				EBA3A7C11B5D7280005B865C /* ViewController.swift */,
				EB1DD89B1B64E74E00979A5B /* DefaultViewController.swift */,
				EB1DD8991B64DB5500979A5B /* RegistrationController.swift */,
			);
			name = ViewController;
			sourceTree = "<group>";
		};
		EB8DB9351B62F8D6008C4031 /* ResponseHandler */ = {
			isa = PBXGroup;
			children = (
				EB8DB9361B62F90B008C4031 /* ImageEndpointBridge.swift */,
				EB8DB9381B62FBAD008C4031 /* UserRegistrationBridge.swift */,
				EB8DB93A1B62FBB7008C4031 /* UserUpdateBridge.swift */,
				EB8DB93C1B62FBD3008C4031 /* UserLoginBridge.swift */,
				EB8DB93E1B62FBF9008C4031 /* RateUserBridge.swift */,
				EB8DB9401B62FC0C008C4031 /* GetRandomUserBridge.swift */,
				EB8DB9421B62FC50008C4031 /* ImageUploadBridge.swift */,
				EB8DB9441B62FC7D008C4031 /* ImageDownloadBridge.swift */,
			);
			name = ResponseHandler;
			sourceTree = "<group>";
		};
		EBA3A7B11B5D7280005B865C = {
			isa = PBXGroup;
			children = (
				EBA3A7BC1B5D7280005B865C /* Rate Me */,
				EBA3A7D21B5D7280005B865C /* Rate MeTests */,
				EBA3A7BB1B5D7280005B865C /* Products */,
			);
			sourceTree = "<group>";
		};
		EBA3A7BB1B5D7280005B865C /* Products */ = {
			isa = PBXGroup;
			children = (
				EBA3A7BA1B5D7280005B865C /* Rate Me.app */,
				EBA3A7CF1B5D7280005B865C /* Rate MeTests.xctest */,
			);
			name = Products;
			sourceTree = "<group>";
		};
		EBA3A7BC1B5D7280005B865C /* Rate Me */ = {
			isa = PBXGroup;
			children = (
				EB4A2C1D1B63AAF10076205E /* View */,
				EBA3A7E61B5D94D2005B865C /* Domain */,
				EBA3A7DF1B5D72FB005B865C /* Http */,
				EBA3A7BF1B5D7280005B865C /* AppDelegate.swift */,
				EBA3A7C31B5D7280005B865C /* Main.storyboard */,
				EBA3A7C61B5D7280005B865C /* Images.xcassets */,
				EBA3A7C81B5D7280005B865C /* LaunchScreen.xib */,
				EBA3A7BD1B5D7280005B865C /* Supporting Files */,
			);
			path = "Rate Me";
			sourceTree = "<group>";
		};
		EBA3A7BD1B5D7280005B865C /* Supporting Files */ = {
			isa = PBXGroup;
			children = (
				EBFB32361B67C66E00B87811 /* Images */,
				EB4319A21B62DA2E00E3E5B3 /* test.jpg */,
				EBA3A7BE1B5D7280005B865C /* Info.plist */,
			);
			name = "Supporting Files";
			sourceTree = "<group>";
		};
		EBA3A7D21B5D7280005B865C /* Rate MeTests */ = {
			isa = PBXGroup;
			children = (
				EBA3A7D51B5D7280005B865C /* Rate_MeTests.swift */,
				EBA3A7D31B5D7280005B865C /* Supporting Files */,
			);
			path = "Rate MeTests";
			sourceTree = "<group>";
		};
		EBA3A7D31B5D7280005B865C /* Supporting Files */ = {
			isa = PBXGroup;
			children = (
				EBA3A7D41B5D7280005B865C /* Info.plist */,
			);
			name = "Supporting Files";
			sourceTree = "<group>";
		};
		EBA3A7DF1B5D72FB005B865C /* Http */ = {
			isa = PBXGroup;
			children = (
				EBB15E7E1B5EB73F0083D71C /* Impl */,
				EBA3A7E01B5D7321005B865C /* ConnectionManager.swift */,
				EBB15E731B5EA93C0083D71C /* ResponseProcessor.swift */,
				EBB15E751B5EAC780083D71C /* IRequestProcessor.swift */,
				EBB15E7C1B5EB5B20083D71C /* URIBuilder.swift */,
			);
			name = Http;
			sourceTree = "<group>";
		};
		EBA3A7E61B5D94D2005B865C /* Domain */ = {
			isa = PBXGroup;
			children = (
				EBB15E7B1B5EB2980083D71C /* Entity */,
				EBA3A7E41B5D93DB005B865C /* RequestData.swift */,
				EBA3A7E91B5D952E005B865C /* ResponseData.swift */,
				EBB15E791B5EB1170083D71C /* Processable.swift */,
			);
			name = Domain;
			sourceTree = "<group>";
		};
		EBB15E7B1B5EB2980083D71C /* Entity */ = {
			isa = PBXGroup;
			children = (
				EBB15E6F1B5EA3C60083D71C /* User.swift */,
				EBB15E771B5EAE220083D71C /* Image.swift */,
			);
			name = Entity;
			sourceTree = "<group>";
		};
		EBB15E7E1B5EB73F0083D71C /* Impl */ = {
			isa = PBXGroup;
			children = (
				EBB15E7F1B5EB7680083D71C /* UserRequestProcessor.swift */,
				EB50075D1B60380800DB482B /* UserResponseProcessor.swift */,
				EB43199E1B62C94E00E3E5B3 /* ImageRequestProcessor.swift */,
				EB4A2C1F1B63AF970076205E /* DownloadImageResponseProcessor.swift */,
				EB4A2C211B63B21B0076205E /* NoRequestProcessor.swift */,
			);
			name = Impl;
			sourceTree = "<group>";
		};
		EBFB32361B67C66E00B87811 /* Images */ = {
			isa = PBXGroup;
			children = (
				EBFB323B1B67CA5300B87811 /* button_basic.png */,
				EBFB323C1B67CA5300B87811 /* button_pressed.png */,
			);
			name = Images;
			sourceTree = "<group>";
		};
/* End PBXGroup section */

/* Begin PBXNativeTarget section */
		EBA3A7B91B5D7280005B865C /* Rate Me */ = {
			isa = PBXNativeTarget;
			buildConfigurationList = EBA3A7D91B5D7280005B865C /* Build configuration list for PBXNativeTarget "Rate Me" */;
			buildPhases = (
				EBA3A7B61B5D7280005B865C /* Sources */,
				EBA3A7B71B5D7280005B865C /* Frameworks */,
				EBA3A7B81B5D7280005B865C /* Resources */,
			);
			buildRules = (
			);
			dependencies = (
			);
			name = "Rate Me";
			productName = "Rate Me";
			productReference = EBA3A7BA1B5D7280005B865C /* Rate Me.app */;
			productType = "com.apple.product-type.application";
		};
		EBA3A7CE1B5D7280005B865C /* Rate MeTests */ = {
			isa = PBXNativeTarget;
			buildConfigurationList = EBA3A7DC1B5D7280005B865C /* Build configuration list for PBXNativeTarget "Rate MeTests" */;
			buildPhases = (
				EBA3A7CB1B5D7280005B865C /* Sources */,
				EBA3A7CC1B5D7280005B865C /* Frameworks */,
				EBA3A7CD1B5D7280005B865C /* Resources */,
			);
			buildRules = (
			);
			dependencies = (
				EBA3A7D11B5D7280005B865C /* PBXTargetDependency */,
			);
			name = "Rate MeTests";
			productName = "Rate MeTests";
			productReference = EBA3A7CF1B5D7280005B865C /* Rate MeTests.xctest */;
			productType = "com.apple.product-type.bundle.unit-test";
		};
/* End PBXNativeTarget section */

/* Begin PBXProject section */
		EBA3A7B21B5D7280005B865C /* Project object */ = {
			isa = PBXProject;
			attributes = {
				LastUpgradeCheck = 0640;
				ORGANIZATIONNAME = "Gabor Csatlos";
				TargetAttributes = {
					EBA3A7B91B5D7280005B865C = {
						CreatedOnToolsVersion = 6.4;
					};
					EBA3A7CE1B5D7280005B865C = {
						CreatedOnToolsVersion = 6.4;
						TestTargetID = EBA3A7B91B5D7280005B865C;
					};
				};
			};
			buildConfigurationList = EBA3A7B51B5D7280005B865C /* Build configuration list for PBXProject "Rate Me" */;
			compatibilityVersion = "Xcode 3.2";
			developmentRegion = English;
			hasScannedForEncodings = 0;
			knownRegions = (
				en,
				Base,
			);
			mainGroup = EBA3A7B11B5D7280005B865C;
			productRefGroup = EBA3A7BB1B5D7280005B865C /* Products */;
			projectDirPath = "";
			projectRoot = "";
			targets = (
				EBA3A7B91B5D7280005B865C /* Rate Me */,
				EBA3A7CE1B5D7280005B865C /* Rate MeTests */,
			);
		};
/* End PBXProject section */

/* Begin PBXResourcesBuildPhase section */
		EBA3A7B81B5D7280005B865C /* Resources */ = {
			isa = PBXResourcesBuildPhase;
			buildActionMask = 2147483647;
			files = (
				EBA3A7C51B5D7280005B865C /* Main.storyboard in Resources */,
				EBFB323D1B67CA5300B87811 /* button_basic.png in Resources */,
				EBFB323E1B67CA5300B87811 /* button_pressed.png in Resources */,
				EBA3A7CA1B5D7280005B865C /* LaunchScreen.xib in Resources */,
				EBA3A7C71B5D7280005B865C /* Images.xcassets in Resources */,
				EB4319A31B62DA2E00E3E5B3 /* test.jpg in Resources */,
			);
			runOnlyForDeploymentPostprocessing = 0;
		};
		EBA3A7CD1B5D7280005B865C /* Resources */ = {
			isa = PBXResourcesBuildPhase;
			buildActionMask = 2147483647;
			files = (
			);
			runOnlyForDeploymentPostprocessing = 0;
		};
/* End PBXResourcesBuildPhase section */

/* Begin PBXSourcesBuildPhase section */
		EBA3A7B61B5D7280005B865C /* Sources */ = {
			isa = PBXSourcesBuildPhase;
			buildActionMask = 2147483647;
			files = (
				EB1DD8A21B65175200979A5B /* CustomTextField.swift in Sources */,
				EB8DB9391B62FBAD008C4031 /* UserRegistrationBridge.swift in Sources */,
				EBA3A7C21B5D7280005B865C /* ViewController.swift in Sources */,
				EB8DB9451B62FC7D008C4031 /* ImageDownloadBridge.swift in Sources */,
				EBA3A7E51B5D93DB005B865C /* RequestData.swift in Sources */,
				EB8DB9411B62FC0C008C4031 /* GetRandomUserBridge.swift in Sources */,
				EB43199F1B62C94E00E3E5B3 /* ImageRequestProcessor.swift in Sources */,
				EB1DD89F1B64E9EF00979A5B /* UserRegistrationCell.swift in Sources */,
				EB50075E1B60380800DB482B /* UserResponseProcessor.swift in Sources */,
				EB1DD8A51B6519E600979A5B /* UIElementCreationUtil.swift in Sources */,
				EB8DB93B1B62FBB7008C4031 /* UserUpdateBridge.swift in Sources */,
				EB1DD89A1B64DB5500979A5B /* RegistrationController.swift in Sources */,
				EB8DB9431B62FC50008C4031 /* ImageUploadBridge.swift in Sources */,
				EBB15E801B5EB7680083D71C /* UserRequestProcessor.swift in Sources */,
				EB8DB93F1B62FBF9008C4031 /* RateUserBridge.swift in Sources */,
				EBA3A7E11B5D7321005B865C /* ConnectionManager.swift in Sources */,
				EBB15E741B5EA93C0083D71C /* ResponseProcessor.swift in Sources */,
				EBFB32401B67CC4700B87811 /* UIColorExtension.swift in Sources */,
				EB8DB93D1B62FBD3008C4031 /* UserLoginBridge.swift in Sources */,
				EB8DB9371B62F90B008C4031 /* ImageEndpointBridge.swift in Sources */,
				EBC404791B66B88F0015B175 /* SubmitCell.swift in Sources */,
				EBB15E761B5EAC780083D71C /* IRequestProcessor.swift in Sources */,
				EBA3A7EA1B5D952E005B865C /* ResponseData.swift in Sources */,
				EB4A2C221B63B21B0076205E /* NoRequestProcessor.swift in Sources */,
				EBA3A7C01B5D7280005B865C /* AppDelegate.swift in Sources */,
				EB1DD89C1B64E74E00979A5B /* DefaultViewController.swift in Sources */,
				EBB15E701B5EA3C60083D71C /* User.swift in Sources */,
				EBFB32421B67CCD100B87811 /* GradientColor.swift in Sources */,
				EB4A2C201B63AF970076205E /* DownloadImageResponseProcessor.swift in Sources */,
				EBB15E781B5EAE220083D71C /* Image.swift in Sources */,
				EBB15E7D1B5EB5B20083D71C /* URIBuilder.swift in Sources */,
				EBFB32441B67D00200B87811 /* HeaderCell.swift in Sources */,
				EBB15E7A1B5EB1170083D71C /* Processable.swift in Sources */,
			);
			runOnlyForDeploymentPostprocessing = 0;
		};
		EBA3A7CB1B5D7280005B865C /* Sources */ = {
			isa = PBXSourcesBuildPhase;
			buildActionMask = 2147483647;
			files = (
				EBA3A7D61B5D7280005B865C /* Rate_MeTests.swift in Sources */,
			);
			runOnlyForDeploymentPostprocessing = 0;
		};
/* End PBXSourcesBuildPhase section */

/* Begin PBXTargetDependency section */
		EBA3A7D11B5D7280005B865C /* PBXTargetDependency */ = {
			isa = PBXTargetDependency;
			target = EBA3A7B91B5D7280005B865C /* Rate Me */;
			targetProxy = EBA3A7D01B5D7280005B865C /* PBXContainerItemProxy */;
		};
/* End PBXTargetDependency section */

/* Begin PBXVariantGroup section */
		EBA3A7C31B5D7280005B865C /* Main.storyboard */ = {
			isa = PBXVariantGroup;
			children = (
				EBA3A7C41B5D7280005B865C /* Base */,
			);
			name = Main.storyboard;
			sourceTree = "<group>";
		};
		EBA3A7C81B5D7280005B865C /* LaunchScreen.xib */ = {
			isa = PBXVariantGroup;
			children = (
				EBA3A7C91B5D7280005B865C /* Base */,
			);
			name = LaunchScreen.xib;
			sourceTree = "<group>";
		};
/* End PBXVariantGroup section */

/* Begin XCBuildConfiguration section */
		EBA3A7D71B5D7280005B865C /* Debug */ = {
			isa = XCBuildConfiguration;
			buildSettings = {
				ALWAYS_SEARCH_USER_PATHS = NO;
				CLANG_CXX_LANGUAGE_STANDARD = "gnu++0x";
				CLANG_CXX_LIBRARY = "libc++";
				CLANG_ENABLE_MODULES = YES;
				CLANG_ENABLE_OBJC_ARC = YES;
				CLANG_WARN_BOOL_CONVERSION = YES;
				CLANG_WARN_CONSTANT_CONVERSION = YES;
				CLANG_WARN_DIRECT_OBJC_ISA_USAGE = YES_ERROR;
				CLANG_WARN_EMPTY_BODY = YES;
				CLANG_WARN_ENUM_CONVERSION = YES;
				CLANG_WARN_INT_CONVERSION = YES;
				CLANG_WARN_OBJC_ROOT_CLASS = YES_ERROR;
				CLANG_WARN_UNREACHABLE_CODE = YES;
				CLANG_WARN__DUPLICATE_METHOD_MATCH = YES;
				"CODE_SIGN_IDENTITY[sdk=iphoneos*]" = "iPhone Developer";
				COPY_PHASE_STRIP = NO;
				DEBUG_INFORMATION_FORMAT = "dwarf-with-dsym";
				ENABLE_STRICT_OBJC_MSGSEND = YES;
				GCC_C_LANGUAGE_STANDARD = gnu99;
				GCC_DYNAMIC_NO_PIC = NO;
				GCC_NO_COMMON_BLOCKS = YES;
				GCC_OPTIMIZATION_LEVEL = 0;
				GCC_PREPROCESSOR_DEFINITIONS = (
					"DEBUG=1",
					"$(inherited)",
				);
				GCC_SYMBOLS_PRIVATE_EXTERN = NO;
				GCC_WARN_64_TO_32_BIT_CONVERSION = YES;
				GCC_WARN_ABOUT_RETURN_TYPE = YES_ERROR;
				GCC_WARN_UNDECLARED_SELECTOR = YES;
				GCC_WARN_UNINITIALIZED_AUTOS = YES_AGGRESSIVE;
				GCC_WARN_UNUSED_FUNCTION = YES;
				GCC_WARN_UNUSED_VARIABLE = YES;
				IPHONEOS_DEPLOYMENT_TARGET = 8.4;
				MTL_ENABLE_DEBUG_INFO = YES;
				ONLY_ACTIVE_ARCH = YES;
				SDKROOT = iphoneos;
				SWIFT_OPTIMIZATION_LEVEL = "-Onone";
			};
			name = Debug;
		};
		EBA3A7D81B5D7280005B865C /* Release */ = {
			isa = XCBuildConfiguration;
			buildSettings = {
				ALWAYS_SEARCH_USER_PATHS = NO;
				CLANG_CXX_LANGUAGE_STANDARD = "gnu++0x";
				CLANG_CXX_LIBRARY = "libc++";
				CLANG_ENABLE_MODULES = YES;
				CLANG_ENABLE_OBJC_ARC = YES;
				CLANG_WARN_BOOL_CONVERSION = YES;
				CLANG_WARN_CONSTANT_CONVERSION = YES;
				CLANG_WARN_DIRECT_OBJC_ISA_USAGE = YES_ERROR;
				CLANG_WARN_EMPTY_BODY = YES;
				CLANG_WARN_ENUM_CONVERSION = YES;
				CLANG_WARN_INT_CONVERSION = YES;
				CLANG_WARN_OBJC_ROOT_CLASS = YES_ERROR;
				CLANG_WARN_UNREACHABLE_CODE = YES;
				CLANG_WARN__DUPLICATE_METHOD_MATCH = YES;
				"CODE_SIGN_IDENTITY[sdk=iphoneos*]" = "iPhone Developer";
				COPY_PHASE_STRIP = NO;
				DEBUG_INFORMATION_FORMAT = "dwarf-with-dsym";
				ENABLE_NS_ASSERTIONS = NO;
				ENABLE_STRICT_OBJC_MSGSEND = YES;
				GCC_C_LANGUAGE_STANDARD = gnu99;
				GCC_NO_COMMON_BLOCKS = YES;
				GCC_WARN_64_TO_32_BIT_CONVERSION = YES;
				GCC_WARN_ABOUT_RETURN_TYPE = YES_ERROR;
				GCC_WARN_UNDECLARED_SELECTOR = YES;
				GCC_WARN_UNINITIALIZED_AUTOS = YES_AGGRESSIVE;
				GCC_WARN_UNUSED_FUNCTION = YES;
				GCC_WARN_UNUSED_VARIABLE = YES;
				IPHONEOS_DEPLOYMENT_TARGET = 8.4;
				MTL_ENABLE_DEBUG_INFO = NO;
				SDKROOT = iphoneos;
				VALIDATE_PRODUCT = YES;
			};
			name = Release;
		};
		EBA3A7DA1B5D7280005B865C /* Debug */ = {
			isa = XCBuildConfiguration;
			buildSettings = {
				ASSETCATALOG_COMPILER_APPICON_NAME = AppIcon;
				INFOPLIST_FILE = "Rate Me/Info.plist";
				LD_RUNPATH_SEARCH_PATHS = "$(inherited) @executable_path/Frameworks";
				PRODUCT_NAME = "$(TARGET_NAME)";
			};
			name = Debug;
		};
		EBA3A7DB1B5D7280005B865C /* Release */ = {
			isa = XCBuildConfiguration;
			buildSettings = {
				ASSETCATALOG_COMPILER_APPICON_NAME = AppIcon;
				INFOPLIST_FILE = "Rate Me/Info.plist";
				LD_RUNPATH_SEARCH_PATHS = "$(inherited) @executable_path/Frameworks";
				PRODUCT_NAME = "$(TARGET_NAME)";
			};
			name = Release;
		};
		EBA3A7DD1B5D7280005B865C /* Debug */ = {
			isa = XCBuildConfiguration;
			buildSettings = {
				BUNDLE_LOADER = "$(TEST_HOST)";
				FRAMEWORK_SEARCH_PATHS = (
					"$(SDKROOT)/Developer/Library/Frameworks",
					"$(inherited)",
				);
				GCC_PREPROCESSOR_DEFINITIONS = (
					"DEBUG=1",
					"$(inherited)",
				);
				INFOPLIST_FILE = "Rate MeTests/Info.plist";
				LD_RUNPATH_SEARCH_PATHS = "$(inherited) @executable_path/Frameworks @loader_path/Frameworks";
				PRODUCT_NAME = "$(TARGET_NAME)";
				TEST_HOST = "$(BUILT_PRODUCTS_DIR)/Rate Me.app/Rate Me";
			};
			name = Debug;
		};
		EBA3A7DE1B5D7280005B865C /* Release */ = {
			isa = XCBuildConfiguration;
			buildSettings = {
				BUNDLE_LOADER = "$(TEST_HOST)";
				FRAMEWORK_SEARCH_PATHS = (
					"$(SDKROOT)/Developer/Library/Frameworks",
					"$(inherited)",
				);
				INFOPLIST_FILE = "Rate MeTests/Info.plist";
				LD_RUNPATH_SEARCH_PATHS = "$(inherited) @executable_path/Frameworks @loader_path/Frameworks";
				PRODUCT_NAME = "$(TARGET_NAME)";
				TEST_HOST = "$(BUILT_PRODUCTS_DIR)/Rate Me.app/Rate Me";
			};
			name = Release;
		};
/* End XCBuildConfiguration section */

/* Begin XCConfigurationList section */
		EBA3A7B51B5D7280005B865C /* Build configuration list for PBXProject "Rate Me" */ = {
			isa = XCConfigurationList;
			buildConfigurations = (
				EBA3A7D71B5D7280005B865C /* Debug */,
				EBA3A7D81B5D7280005B865C /* Release */,
			);
			defaultConfigurationIsVisible = 0;
			defaultConfigurationName = Release;
		};
		EBA3A7D91B5D7280005B865C /* Build configuration list for PBXNativeTarget "Rate Me" */ = {
			isa = XCConfigurationList;
			buildConfigurations = (
				EBA3A7DA1B5D7280005B865C /* Debug */,
				EBA3A7DB1B5D7280005B865C /* Release */,
			);
			defaultConfigurationIsVisible = 0;
			defaultConfigurationName = Release;
		};
		EBA3A7DC1B5D7280005B865C /* Build configuration list for PBXNativeTarget "Rate MeTests" */ = {
			isa = XCConfigurationList;
			buildConfigurations = (
				EBA3A7DD1B5D7280005B865C /* Debug */,
				EBA3A7DE1B5D7280005B865C /* Release */,
			);
			defaultConfigurationIsVisible = 0;
			defaultConfigurationName = Release;
		};
/* End XCConfigurationList section */
	};
	rootObject = EBA3A7B21B5D7280005B865C /* Project object */;
}
