// !$*UTF8*$!
{
	archiveVersion = 1;
	classes = {
	};
	objectVersion = 46;
	objects = {

/* Begin PBXBuildFile section */
		EBA3A7C01B5D7280005B865C /* AppDelegate.swift in Sources */ = {isa = PBXBuildFile; fileRef = EBA3A7BF1B5D7280005B865C /* AppDelegate.swift */; };
		EBA3A7C21B5D7280005B865C /* ViewController.swift in Sources */ = {isa = PBXBuildFile; fileRef = EBA3A7C11B5D7280005B865C /* ViewController.swift */; };
		EBA3A7C51B5D7280005B865C /* Main.storyboard in Resources */ = {isa = PBXBuildFile; fileRef = EBA3A7C31B5D7280005B865C /* Main.storyboard */; };
		EBA3A7C71B5D7280005B865C /* Images.xcassets in Resources */ = {isa = PBXBuildFile; fileRef = EBA3A7C61B5D7280005B865C /* Images.xcassets */; };
		EBA3A7CA1B5D7280005B865C /* LaunchScreen.xib in Resources */ = {isa = PBXBuildFile; fileRef = EBA3A7C81B5D7280005B865C /* LaunchScreen.xib */; };
		EBA3A7D61B5D7280005B865C /* Rate_MeTests.swift in Sources */ = {isa = PBXBuildFile; fileRef = EBA3A7D51B5D7280005B865C /* Rate_MeTests.swift */; };
		EBA3A7E11B5D7321005B865C /* ConnectionManager.swift in Sources */ = {isa = PBXBuildFile; fileRef = EBA3A7E01B5D7321005B865C /* ConnectionManager.swift */; };
		EBA3A7E51B5D93DB005B865C /* RequestData.swift in Sources */ = {isa = PBXBuildFile; fileRef = EBA3A7E41B5D93DB005B865C /* RequestData.swift */; };
		EBA3A7EA1B5D952E005B865C /* ResponseData.swift in Sources */ = {isa = PBXBuildFile; fileRef = EBA3A7E91B5D952E005B865C /* ResponseData.swift */; };
		EBB15E701B5EA3C60083D71C /* User.swift in Sources */ = {isa = PBXBuildFile; fileRef = EBB15E6F1B5EA3C60083D71C /* User.swift */; };
		EBB15E721B5EA7170083D71C /* ConnectionManagerProtocol.swift in Sources */ = {isa = PBXBuildFile; fileRef = EBB15E711B5EA7170083D71C /* ConnectionManagerProtocol.swift */; };
		EBB15E741B5EA93C0083D71C /* IResponseProcessor.swift in Sources */ = {isa = PBXBuildFile; fileRef = EBB15E731B5EA93C0083D71C /* IResponseProcessor.swift */; };
		EBB15E761B5EAC780083D71C /* IRequestProcessor.swift in Sources */ = {isa = PBXBuildFile; fileRef = EBB15E751B5EAC780083D71C /* IRequestProcessor.swift */; };
		EBB15E781B5EAE220083D71C /* Image.swift in Sources */ = {isa = PBXBuildFile; fileRef = EBB15E771B5EAE220083D71C /* Image.swift */; };
		EBB15E7A1B5EB1170083D71C /* Processable.swift in Sources */ = {isa = PBXBuildFile; fileRef = EBB15E791B5EB1170083D71C /* Processable.swift */; };
		EBB15E7D1B5EB5B20083D71C /* URIBuilder.swift in Sources */ = {isa = PBXBuildFile; fileRef = EBB15E7C1B5EB5B20083D71C /* URIBuilder.swift */; };
		EBB15E801B5EB7680083D71C /* UserRequestProcessor.swift in Sources */ = {isa = PBXBuildFile; fileRef = EBB15E7F1B5EB7680083D71C /* UserRequestProcessor.swift */; };
/* End PBXBuildFile section */

/* Begin PBXContainerItemProxy section */
		EBA3A7D01B5D7280005B865C /* PBXContainerItemProxy */ = {
			isa = PBXContainerItemProxy;
			containerPortal = EBA3A7B21B5D7280005B865C /* Project object */;
			proxyType = 1;
			remoteGlobalIDString = EBA3A7B91B5D7280005B865C;
			remoteInfo = "Rate Me";
		};
/* End PBXContainerItemProxy section */

/* Begin PBXFileReference section */
		EBA3A7BA1B5D7280005B865C /* Rate Me.app */ = {isa = PBXFileReference; explicitFileType = wrapper.application; includeInIndex = 0; path = "Rate Me.app"; sourceTree = BUILT_PRODUCTS_DIR; };
		EBA3A7BE1B5D7280005B865C /* Info.plist */ = {isa = PBXFileReference; lastKnownFileType = text.plist.xml; path = Info.plist; sourceTree = "<group>"; };
		EBA3A7BF1B5D7280005B865C /* AppDelegate.swift */ = {isa = PBXFileReference; lastKnownFileType = sourcecode.swift; path = AppDelegate.swift; sourceTree = "<group>"; };
		EBA3A7C11B5D7280005B865C /* ViewController.swift */ = {isa = PBXFileReference; lastKnownFileType = sourcecode.swift; path = ViewController.swift; sourceTree = "<group>"; };
		EBA3A7C41B5D7280005B865C /* Base */ = {isa = PBXFileReference; lastKnownFileType = file.storyboard; name = Base; path = Base.lproj/Main.storyboard; sourceTree = "<group>"; };
		EBA3A7C61B5D7280005B865C /* Images.xcassets */ = {isa = PBXFileReference; lastKnownFileType = folder.assetcatalog; path = Images.xcassets; sourceTree = "<group>"; };
		EBA3A7C91B5D7280005B865C /* Base */ = {isa = PBXFileReference; lastKnownFileType = file.xib; name = Base; path = Base.lproj/LaunchScreen.xib; sourceTree = "<group>"; };
		EBA3A7CF1B5D7280005B865C /* Rate MeTests.xctest */ = {isa = PBXFileReference; explicitFileType = wrapper.cfbundle; includeInIndex = 0; path = "Rate MeTests.xctest"; sourceTree = BUILT_PRODUCTS_DIR; };
		EBA3A7D41B5D7280005B865C /* Info.plist */ = {isa = PBXFileReference; lastKnownFileType = text.plist.xml; path = Info.plist; sourceTree = "<group>"; };
		EBA3A7D51B5D7280005B865C /* Rate_MeTests.swift */ = {isa = PBXFileReference; lastKnownFileType = sourcecode.swift; path = Rate_MeTests.swift; sourceTree = "<group>"; };
		EBA3A7E01B5D7321005B865C /* ConnectionManager.swift */ = {isa = PBXFileReference; fileEncoding = 4; lastKnownFileType = sourcecode.swift; path = ConnectionManager.swift; sourceTree = "<group>"; };
		EBA3A7E41B5D93DB005B865C /* RequestData.swift */ = {isa = PBXFileReference; fileEncoding = 4; lastKnownFileType = sourcecode.swift; path = RequestData.swift; sourceTree = "<group>"; };
		EBA3A7E91B5D952E005B865C /* ResponseData.swift */ = {isa = PBXFileReference; fileEncoding = 4; lastKnownFileType = sourcecode.swift; path = ResponseData.swift; sourceTree = "<group>"; };
		EBB15E6F1B5EA3C60083D71C /* User.swift */ = {isa = PBXFileReference; fileEncoding = 4; lastKnownFileType = sourcecode.swift; path = User.swift; sourceTree = "<group>"; };
		EBB15E711B5EA7170083D71C /* ConnectionManagerProtocol.swift */ = {isa = PBXFileReference; fileEncoding = 4; lastKnownFileType = sourcecode.swift; path = ConnectionManagerProtocol.swift; sourceTree = "<group>"; };
		EBB15E731B5EA93C0083D71C /* IResponseProcessor.swift */ = {isa = PBXFileReference; fileEncoding = 4; lastKnownFileType = sourcecode.swift; path = IResponseProcessor.swift; sourceTree = "<group>"; };
		EBB15E751B5EAC780083D71C /* IRequestProcessor.swift */ = {isa = PBXFileReference; fileEncoding = 4; lastKnownFileType = sourcecode.swift; path = IRequestProcessor.swift; sourceTree = "<group>"; };
		EBB15E771B5EAE220083D71C /* Image.swift */ = {isa = PBXFileReference; fileEncoding = 4; lastKnownFileType = sourcecode.swift; path = Image.swift; sourceTree = "<group>"; };
		EBB15E791B5EB1170083D71C /* Processable.swift */ = {isa = PBXFileReference; fileEncoding = 4; lastKnownFileType = sourcecode.swift; path = Processable.swift; sourceTree = "<group>"; };
		EBB15E7C1B5EB5B20083D71C /* URIBuilder.swift */ = {isa = PBXFileReference; fileEncoding = 4; lastKnownFileType = sourcecode.swift; path = URIBuilder.swift; sourceTree = "<group>"; };
		EBB15E7F1B5EB7680083D71C /* UserRequestProcessor.swift */ = {isa = PBXFileReference; fileEncoding = 4; lastKnownFileType = sourcecode.swift; path = UserRequestProcessor.swift; sourceTree = "<group>"; };
/* End PBXFileReference section */

/* Begin PBXFrameworksBuildPhase section */
		EBA3A7B71B5D7280005B865C /* Frameworks */ = {
			isa = PBXFrameworksBuildPhase;
			buildActionMask = 2147483647;
			files = (
			);
			runOnlyForDeploymentPostprocessing = 0;
		};
		EBA3A7CC1B5D7280005B865C /* Frameworks */ = {
			isa = PBXFrameworksBuildPhase;
			buildActionMask = 2147483647;
			files = (
			);
			runOnlyForDeploymentPostprocessing = 0;
		};
/* End PBXFrameworksBuildPhase section */

/* Begin PBXGroup section */
		EBA3A7B11B5D7280005B865C = {
			isa = PBXGroup;
			children = (
				EBA3A7BC1B5D7280005B865C /* Rate Me */,
				EBA3A7D21B5D7280005B865C /* Rate MeTests */,
				EBA3A7BB1B5D7280005B865C /* Products */,
			);
			sourceTree = "<group>";
		};
		EBA3A7BB1B5D7280005B865C /* Products */ = {
			isa = PBXGroup;
			children = (
				EBA3A7BA1B5D7280005B865C /* Rate Me.app */,
				EBA3A7CF1B5D7280005B865C /* Rate MeTests.xctest */,
			);
			name = Products;
			sourceTree = "<group>";
		};
		EBA3A7BC1B5D7280005B865C /* Rate Me */ = {
			isa = PBXGroup;
			children = (
				EBA3A7E61B5D94D2005B865C /* Domain */,
				EBA3A7DF1B5D72FB005B865C /* Http */,
				EBA3A7BF1B5D7280005B865C /* AppDelegate.swift */,
				EBA3A7C11B5D7280005B865C /* ViewController.swift */,
				EBA3A7C31B5D7280005B865C /* Main.storyboard */,
				EBA3A7C61B5D7280005B865C /* Images.xcassets */,
				EBA3A7C81B5D7280005B865C /* LaunchScreen.xib */,
				EBA3A7BD1B5D7280005B865C /* Supporting Files */,
			);
			path = "Rate Me";
			sourceTree = "<group>";
		};
		EBA3A7BD1B5D7280005B865C /* Supporting Files */ = {
			isa = PBXGroup;
			children = (
				EBA3A7BE1B5D7280005B865C /* Info.plist */,
			);
			name = "Supporting Files";
			sourceTree = "<group>";
		};
		EBA3A7D21B5D7280005B865C /* Rate MeTests */ = {
			isa = PBXGroup;
			children = (
				EBA3A7D51B5D7280005B865C /* Rate_MeTests.swift */,
				EBA3A7D31B5D7280005B865C /* Supporting Files */,
			);
			path = "Rate MeTests";
			sourceTree = "<group>";
		};
		EBA3A7D31B5D7280005B865C /* Supporting Files */ = {
			isa = PBXGroup;
			children = (
				EBA3A7D41B5D7280005B865C /* Info.plist */,
			);
			name = "Supporting Files";
			sourceTree = "<group>";
		};
		EBA3A7DF1B5D72FB005B865C /* Http */ = {
			isa = PBXGroup;
			children = (
				EBB15E7E1B5EB73F0083D71C /* Impl */,
				EBA3A7E01B5D7321005B865C /* ConnectionManager.swift */,
				EBB15E711B5EA7170083D71C /* ConnectionManagerProtocol.swift */,
				EBB15E731B5EA93C0083D71C /* IResponseProcessor.swift */,
				EBB15E751B5EAC780083D71C /* IRequestProcessor.swift */,
				EBB15E7C1B5EB5B20083D71C /* URIBuilder.swift */,
			);
			name = Http;
			sourceTree = "<group>";
		};
		EBA3A7E61B5D94D2005B865C /* Domain */ = {
			isa = PBXGroup;
			children = (
				EBB15E7B1B5EB2980083D71C /* Entity */,
				EBA3A7E41B5D93DB005B865C /* RequestData.swift */,
				EBA3A7E91B5D952E005B865C /* ResponseData.swift */,
				EBB15E791B5EB1170083D71C /* Processable.swift */,
			);
			name = Domain;
			sourceTree = "<group>";
		};
		EBB15E7B1B5EB2980083D71C /* Entity */ = {
			isa = PBXGroup;
			children = (
				EBB15E6F1B5EA3C60083D71C /* User.swift */,
				EBB15E771B5EAE220083D71C /* Image.swift */,
			);
			name = Entity;
			sourceTree = "<group>";
		};
		EBB15E7E1B5EB73F0083D71C /* Impl */ = {
			isa = PBXGroup;
			children = (
				EBB15E7F1B5EB7680083D71C /* UserRequestProcessor.swift */,
			);
			name = Impl;
			sourceTree = "<group>";
		};
/* End PBXGroup section */

/* Begin PBXNativeTarget section */
		EBA3A7B91B5D7280005B865C /* Rate Me */ = {
			isa = PBXNativeTarget;
			buildConfigurationList = EBA3A7D91B5D7280005B865C /* Build configuration list for PBXNativeTarget "Rate Me" */;
			buildPhases = (
				EBA3A7B61B5D7280005B865C /* Sources */,
				EBA3A7B71B5D7280005B865C /* Frameworks */,
				EBA3A7B81B5D7280005B865C /* Resources */,
			);
			buildRules = (
			);
			dependencies = (
			);
			name = "Rate Me";
			productName = "Rate Me";
			productReference = EBA3A7BA1B5D7280005B865C /* Rate Me.app */;
			productType = "com.apple.product-type.application";
		};
		EBA3A7CE1B5D7280005B865C /* Rate MeTests */ = {
			isa = PBXNativeTarget;
			buildConfigurationList = EBA3A7DC1B5D7280005B865C /* Build configuration list for PBXNativeTarget "Rate MeTests" */;
			buildPhases = (
				EBA3A7CB1B5D7280005B865C /* Sources */,
				EBA3A7CC1B5D7280005B865C /* Frameworks */,
				EBA3A7CD1B5D7280005B865C /* Resources */,
			);
			buildRules = (
			);
			dependencies = (
				EBA3A7D11B5D7280005B865C /* PBXTargetDependency */,
			);
			name = "Rate MeTests";
			productName = "Rate MeTests";
			productReference = EBA3A7CF1B5D7280005B865C /* Rate MeTests.xctest */;
			productType = "com.apple.product-type.bundle.unit-test";
		};
/* End PBXNativeTarget section */

/* Begin PBXProject section */
		EBA3A7B21B5D7280005B865C /* Project object */ = {
			isa = PBXProject;
			attributes = {
				LastUpgradeCheck = 0640;
				ORGANIZATIONNAME = "Gabor Csatlos";
				TargetAttributes = {
					EBA3A7B91B5D7280005B865C = {
						CreatedOnToolsVersion = 6.4;
					};
					EBA3A7CE1B5D7280005B865C = {
						CreatedOnToolsVersion = 6.4;
						TestTargetID = EBA3A7B91B5D7280005B865C;
					};
				};
			};
			buildConfigurationList = EBA3A7B51B5D7280005B865C /* Build configuration list for PBXProject "Rate Me" */;
			compatibilityVersion = "Xcode 3.2";
			developmentRegion = English;
			hasScannedForEncodings = 0;
			knownRegions = (
				en,
				Base,
			);
			mainGroup = EBA3A7B11B5D7280005B865C;
			productRefGroup = EBA3A7BB1B5D7280005B865C /* Products */;
			projectDirPath = "";
			projectRoot = "";
			targets = (
				EBA3A7B91B5D7280005B865C /* Rate Me */,
				EBA3A7CE1B5D7280005B865C /* Rate MeTests */,
			);
		};
/* End PBXProject section */

/* Begin PBXResourcesBuildPhase section */
		EBA3A7B81B5D7280005B865C /* Resources */ = {
			isa = PBXResourcesBuildPhase;
			buildActionMask = 2147483647;
			files = (
				EBA3A7C51B5D7280005B865C /* Main.storyboard in Resources */,
				EBA3A7CA1B5D7280005B865C /* LaunchScreen.xib in Resources */,
				EBA3A7C71B5D7280005B865C /* Images.xcassets in Resources */,
			);
			runOnlyForDeploymentPostprocessing = 0;
		};
		EBA3A7CD1B5D7280005B865C /* Resources */ = {
			isa = PBXResourcesBuildPhase;
			buildActionMask = 2147483647;
			files = (
			);
			runOnlyForDeploymentPostprocessing = 0;
		};
/* End PBXResourcesBuildPhase section */

/* Begin PBXSourcesBuildPhase section */
		EBA3A7B61B5D7280005B865C /* Sources */ = {
			isa = PBXSourcesBuildPhase;
			buildActionMask = 2147483647;
			files = (
				EBA3A7C21B5D7280005B865C /* ViewController.swift in Sources */,
				EBA3A7E51B5D93DB005B865C /* RequestData.swift in Sources */,
				EBB15E801B5EB7680083D71C /* UserRequestProcessor.swift in Sources */,
				EBA3A7E11B5D7321005B865C /* ConnectionManager.swift in Sources */,
				EBB15E741B5EA93C0083D71C /* IResponseProcessor.swift in Sources */,
				EBB15E761B5EAC780083D71C /* IRequestProcessor.swift in Sources */,
				EBA3A7EA1B5D952E005B865C /* ResponseData.swift in Sources */,
				EBA3A7C01B5D7280005B865C /* AppDelegate.swift in Sources */,
				EBB15E701B5EA3C60083D71C /* User.swift in Sources */,
				EBB15E721B5EA7170083D71C /* ConnectionManagerProtocol.swift in Sources */,
				EBB15E781B5EAE220083D71C /* Image.swift in Sources */,
				EBB15E7D1B5EB5B20083D71C /* URIBuilder.swift in Sources */,
				EBB15E7A1B5EB1170083D71C /* Processable.swift in Sources */,
			);
			runOnlyForDeploymentPostprocessing = 0;
		};
		EBA3A7CB1B5D7280005B865C /* Sources */ = {
			isa = PBXSourcesBuildPhase;
			buildActionMask = 2147483647;
			files = (
				EBA3A7D61B5D7280005B865C /* Rate_MeTests.swift in Sources */,
			);
			runOnlyForDeploymentPostprocessing = 0;
		};
/* End PBXSourcesBuildPhase section */

/* Begin PBXTargetDependency section */
		EBA3A7D11B5D7280005B865C /* PBXTargetDependency */ = {
			isa = PBXTargetDependency;
			target = EBA3A7B91B5D7280005B865C /* Rate Me */;
			targetProxy = EBA3A7D01B5D7280005B865C /* PBXContainerItemProxy */;
		};
/* End PBXTargetDependency section */

/* Begin PBXVariantGroup section */
		EBA3A7C31B5D7280005B865C /* Main.storyboard */ = {
			isa = PBXVariantGroup;
			children = (
				EBA3A7C41B5D7280005B865C /* Base */,
			);
			name = Main.storyboard;
			sourceTree = "<group>";
		};
		EBA3A7C81B5D7280005B865C /* LaunchScreen.xib */ = {
			isa = PBXVariantGroup;
			children = (
				EBA3A7C91B5D7280005B865C /* Base */,
			);
			name = LaunchScreen.xib;
			sourceTree = "<group>";
		};
/* End PBXVariantGroup section */

/* Begin XCBuildConfiguration section */
		EBA3A7D71B5D7280005B865C /* Debug */ = {
			isa = XCBuildConfiguration;
			buildSettings = {
				ALWAYS_SEARCH_USER_PATHS = NO;
				CLANG_CXX_LANGUAGE_STANDARD = "gnu++0x";
				CLANG_CXX_LIBRARY = "libc++";
				CLANG_ENABLE_MODULES = YES;
				CLANG_ENABLE_OBJC_ARC = YES;
				CLANG_WARN_BOOL_CONVERSION = YES;
				CLANG_WARN_CONSTANT_CONVERSION = YES;
				CLANG_WARN_DIRECT_OBJC_ISA_USAGE = YES_ERROR;
				CLANG_WARN_EMPTY_BODY = YES;
				CLANG_WARN_ENUM_CONVERSION = YES;
				CLANG_WARN_INT_CONVERSION = YES;
				CLANG_WARN_OBJC_ROOT_CLASS = YES_ERROR;
				CLANG_WARN_UNREACHABLE_CODE = YES;
				CLANG_WARN__DUPLICATE_METHOD_MATCH = YES;
				"CODE_SIGN_IDENTITY[sdk=iphoneos*]" = "iPhone Developer";
				COPY_PHASE_STRIP = NO;
				DEBUG_INFORMATION_FORMAT = "dwarf-with-dsym";
				ENABLE_STRICT_OBJC_MSGSEND = YES;
				GCC_C_LANGUAGE_STANDARD = gnu99;
				GCC_DYNAMIC_NO_PIC = NO;
				GCC_NO_COMMON_BLOCKS = YES;
				GCC_OPTIMIZATION_LEVEL = 0;
				GCC_PREPROCESSOR_DEFINITIONS = (
					"DEBUG=1",
					"$(inherited)",
				);
				GCC_SYMBOLS_PRIVATE_EXTERN = NO;
				GCC_WARN_64_TO_32_BIT_CONVERSION = YES;
				GCC_WARN_ABOUT_RETURN_TYPE = YES_ERROR;
				GCC_WARN_UNDECLARED_SELECTOR = YES;
				GCC_WARN_UNINITIALIZED_AUTOS = YES_AGGRESSIVE;
				GCC_WARN_UNUSED_FUNCTION = YES;
				GCC_WARN_UNUSED_VARIABLE = YES;
				IPHONEOS_DEPLOYMENT_TARGET = 8.4;
				MTL_ENABLE_DEBUG_INFO = YES;
				ONLY_ACTIVE_ARCH = YES;
				SDKROOT = iphoneos;
				SWIFT_OPTIMIZATION_LEVEL = "-Onone";
			};
			name = Debug;
		};
		EBA3A7D81B5D7280005B865C /* Release */ = {
			isa = XCBuildConfiguration;
			buildSettings = {
				ALWAYS_SEARCH_USER_PATHS = NO;
				CLANG_CXX_LANGUAGE_STANDARD = "gnu++0x";
				CLANG_CXX_LIBRARY = "libc++";
				CLANG_ENABLE_MODULES = YES;
				CLANG_ENABLE_OBJC_ARC = YES;
				CLANG_WARN_BOOL_CONVERSION = YES;
				CLANG_WARN_CONSTANT_CONVERSION = YES;
				CLANG_WARN_DIRECT_OBJC_ISA_USAGE = YES_ERROR;
				CLANG_WARN_EMPTY_BODY = YES;
				CLANG_WARN_ENUM_CONVERSION = YES;
				CLANG_WARN_INT_CONVERSION = YES;
				CLANG_WARN_OBJC_ROOT_CLASS = YES_ERROR;
				CLANG_WARN_UNREACHABLE_CODE = YES;
				CLANG_WARN__DUPLICATE_METHOD_MATCH = YES;
				"CODE_SIGN_IDENTITY[sdk=iphoneos*]" = "iPhone Developer";
				COPY_PHASE_STRIP = NO;
				DEBUG_INFORMATION_FORMAT = "dwarf-with-dsym";
				ENABLE_NS_ASSERTIONS = NO;
				ENABLE_STRICT_OBJC_MSGSEND = YES;
				GCC_C_LANGUAGE_STANDARD = gnu99;
				GCC_NO_COMMON_BLOCKS = YES;
				GCC_WARN_64_TO_32_BIT_CONVERSION = YES;
				GCC_WARN_ABOUT_RETURN_TYPE = YES_ERROR;
				GCC_WARN_UNDECLARED_SELECTOR = YES;
				GCC_WARN_UNINITIALIZED_AUTOS = YES_AGGRESSIVE;
				GCC_WARN_UNUSED_FUNCTION = YES;
				GCC_WARN_UNUSED_VARIABLE = YES;
				IPHONEOS_DEPLOYMENT_TARGET = 8.4;
				MTL_ENABLE_DEBUG_INFO = NO;
				SDKROOT = iphoneos;
				VALIDATE_PRODUCT = YES;
			};
			name = Release;
		};
		EBA3A7DA1B5D7280005B865C /* Debug */ = {
			isa = XCBuildConfiguration;
			buildSettings = {
				ASSETCATALOG_COMPILER_APPICON_NAME = AppIcon;
				INFOPLIST_FILE = "Rate Me/Info.plist";
				LD_RUNPATH_SEARCH_PATHS = "$(inherited) @executable_path/Frameworks";
				PRODUCT_NAME = "$(TARGET_NAME)";
			};
			name = Debug;
		};
		EBA3A7DB1B5D7280005B865C /* Release */ = {
			isa = XCBuildConfiguration;
			buildSettings = {
				ASSETCATALOG_COMPILER_APPICON_NAME = AppIcon;
				INFOPLIST_FILE = "Rate Me/Info.plist";
				LD_RUNPATH_SEARCH_PATHS = "$(inherited) @executable_path/Frameworks";
				PRODUCT_NAME = "$(TARGET_NAME)";
			};
			name = Release;
		};
		EBA3A7DD1B5D7280005B865C /* Debug */ = {
			isa = XCBuildConfiguration;
			buildSettings = {
				BUNDLE_LOADER = "$(TEST_HOST)";
				FRAMEWORK_SEARCH_PATHS = (
					"$(SDKROOT)/Developer/Library/Frameworks",
					"$(inherited)",
				);
				GCC_PREPROCESSOR_DEFINITIONS = (
					"DEBUG=1",
					"$(inherited)",
				);
				INFOPLIST_FILE = "Rate MeTests/Info.plist";
				LD_RUNPATH_SEARCH_PATHS = "$(inherited) @executable_path/Frameworks @loader_path/Frameworks";
				PRODUCT_NAME = "$(TARGET_NAME)";
				TEST_HOST = "$(BUILT_PRODUCTS_DIR)/Rate Me.app/Rate Me";
			};
			name = Debug;
		};
		EBA3A7DE1B5D7280005B865C /* Release */ = {
			isa = XCBuildConfiguration;
			buildSettings = {
				BUNDLE_LOADER = "$(TEST_HOST)";
				FRAMEWORK_SEARCH_PATHS = (
					"$(SDKROOT)/Developer/Library/Frameworks",
					"$(inherited)",
				);
				INFOPLIST_FILE = "Rate MeTests/Info.plist";
				LD_RUNPATH_SEARCH_PATHS = "$(inherited) @executable_path/Frameworks @loader_path/Frameworks";
				PRODUCT_NAME = "$(TARGET_NAME)";
				TEST_HOST = "$(BUILT_PRODUCTS_DIR)/Rate Me.app/Rate Me";
			};
			name = Release;
		};
/* End XCBuildConfiguration section */

/* Begin XCConfigurationList section */
		EBA3A7B51B5D7280005B865C /* Build configuration list for PBXProject "Rate Me" */ = {
			isa = XCConfigurationList;
			buildConfigurations = (
				EBA3A7D71B5D7280005B865C /* Debug */,
				EBA3A7D81B5D7280005B865C /* Release */,
			);
			defaultConfigurationIsVisible = 0;
			defaultConfigurationName = Release;
		};
		EBA3A7D91B5D7280005B865C /* Build configuration list for PBXNativeTarget "Rate Me" */ = {
			isa = XCConfigurationList;
			buildConfigurations = (
				EBA3A7DA1B5D7280005B865C /* Debug */,
				EBA3A7DB1B5D7280005B865C /* Release */,
			);
			defaultConfigurationIsVisible = 0;
			defaultConfigurationName = Release;
		};
		EBA3A7DC1B5D7280005B865C /* Build configuration list for PBXNativeTarget "Rate MeTests" */ = {
			isa = XCConfigurationList;
			buildConfigurations = (
				EBA3A7DD1B5D7280005B865C /* Debug */,
				EBA3A7DE1B5D7280005B865C /* Release */,
			);
			defaultConfigurationIsVisible = 0;
			defaultConfigurationName = Release;
		};
/* End XCConfigurationList section */
	};
	rootObject = EBA3A7B21B5D7280005B865C /* Project object */;
}
